
Microsoft Visual Studio Solution File, Format Version 12.00
# Visual Studio 15
Project("{FAE04EC0-301F-11D3-BF4B-00C04F79EFBC}") = "Demo.Android", "Demo.Android\Demo.Android.csproj", "{3BDD4EB9-0620-46CF-B4C7-007D626D6E49}"
EndProject
Project("{FAE04EC0-301F-11D3-BF4B-00C04F79EFBC}") = "Demo.iOS", "Demo.iOS\Demo.iOS.csproj", "{ECE824C3-635C-4C1E-8C7E-A65EADECE4E7}"
EndProject
Project("{FAE04EC0-301F-11D3-BF4B-00C04F79EFBC}") = "Demo.UITests", "Demo.UITests\Demo.UITests.csproj", "{B19C892E-2628-4CA7-AD27-08D406A3B14B}"
EndProject
Project("{FAE04EC0-301F-11D3-BF4B-00C04F79EFBC}") = "Demo", "Demo\Demo.csproj", "{5F417237-0E45-4792-8823-B270E957D3D8}"
EndProject
Global
	GlobalSection(SolutionConfigurationPlatforms) = preSolution
		Debug|Any CPU = Debug|Any CPU
		Release|Any CPU = Release|Any CPU
		Debug|iPhoneSimulator = Debug|iPhoneSimulator
		Release|iPhoneSimulator = Release|iPhoneSimulator
		Debug|iPhone = Debug|iPhone
		Release|iPhone = Release|iPhone
		Ad-Hoc|iPhone = Ad-Hoc|iPhone
		AppStore|iPhone = AppStore|iPhone
	EndGlobalSection
	GlobalSection(ProjectConfigurationPlatforms) = postSolution
		{3BDD4EB9-0620-46CF-B4C7-007D626D6E49}.Debug|Any CPU.ActiveCfg = Debug|Any CPU
		{3BDD4EB9-0620-46CF-B4C7-007D626D6E49}.Debug|Any CPU.Build.0 = Debug|Any CPU
		{3BDD4EB9-0620-46CF-B4C7-007D626D6E49}.Release|Any CPU.ActiveCfg = Release|Any CPU
		{3BDD4EB9-0620-46CF-B4C7-007D626D6E49}.Release|Any CPU.Build.0 = Release|Any CPU
		{3BDD4EB9-0620-46CF-B4C7-007D626D6E49}.Debug|iPhoneSimulator.ActiveCfg = Debug|Any CPU
		{3BDD4EB9-0620-46CF-B4C7-007D626D6E49}.Debug|iPhoneSimulator.Build.0 = Debug|Any CPU
		{3BDD4EB9-0620-46CF-B4C7-007D626D6E49}.Release|iPhoneSimulator.ActiveCfg = Release|Any CPU
		{3BDD4EB9-0620-46CF-B4C7-007D626D6E49}.Release|iPhoneSimulator.Build.0 = Release|Any CPU
		{3BDD4EB9-0620-46CF-B4C7-007D626D6E49}.Debug|iPhone.ActiveCfg = Debug|Any CPU
		{3BDD4EB9-0620-46CF-B4C7-007D626D6E49}.Debug|iPhone.Build.0 = Debug|Any CPU
		{3BDD4EB9-0620-46CF-B4C7-007D626D6E49}.Release|iPhone.ActiveCfg = Release|Any CPU
		{3BDD4EB9-0620-46CF-B4C7-007D626D6E49}.Release|iPhone.Build.0 = Release|Any CPU
		{3BDD4EB9-0620-46CF-B4C7-007D626D6E49}.Ad-Hoc|iPhone.ActiveCfg = Debug|Any CPU
		{3BDD4EB9-0620-46CF-B4C7-007D626D6E49}.Ad-Hoc|iPhone.Build.0 = Debug|Any CPU
		{3BDD4EB9-0620-46CF-B4C7-007D626D6E49}.AppStore|iPhone.ActiveCfg = Debug|Any CPU
		{3BDD4EB9-0620-46CF-B4C7-007D626D6E49}.AppStore|iPhone.Build.0 = Debug|Any CPU
		{ECE824C3-635C-4C1E-8C7E-A65EADECE4E7}.Debug|Any CPU.ActiveCfg = Debug|iPhoneSimulator
		{ECE824C3-635C-4C1E-8C7E-A65EADECE4E7}.Debug|Any CPU.Build.0 = Debug|iPhoneSimulator
		{ECE824C3-635C-4C1E-8C7E-A65EADECE4E7}.Release|Any CPU.ActiveCfg = Release|iPhoneSimulator
		{ECE824C3-635C-4C1E-8C7E-A65EADECE4E7}.Release|Any CPU.Build.0 = Release|iPhoneSimulator
		{ECE824C3-635C-4C1E-8C7E-A65EADECE4E7}.Debug|iPhoneSimulator.ActiveCfg = Debug|iPhoneSimulator
		{ECE824C3-635C-4C1E-8C7E-A65EADECE4E7}.Debug|iPhoneSimulator.Build.0 = Debug|iPhoneSimulator
		{ECE824C3-635C-4C1E-8C7E-A65EADECE4E7}.Release|iPhoneSimulator.ActiveCfg = Release|iPhoneSimulator
		{ECE824C3-635C-4C1E-8C7E-A65EADECE4E7}.Release|iPhoneSimulator.Build.0 = Release|iPhoneSimulator
		{ECE824C3-635C-4C1E-8C7E-A65EADECE4E7}.Debug|iPhone.ActiveCfg = Debug|iPhone
		{ECE824C3-635C-4C1E-8C7E-A65EADECE4E7}.Debug|iPhone.Build.0 = Debug|iPhone
		{ECE824C3-635C-4C1E-8C7E-A65EADECE4E7}.Release|iPhone.ActiveCfg = Release|iPhone
		{ECE824C3-635C-4C1E-8C7E-A65EADECE4E7}.Release|iPhone.Build.0 = Release|iPhone
		{ECE824C3-635C-4C1E-8C7E-A65EADECE4E7}.Ad-Hoc|iPhone.ActiveCfg = Ad-Hoc|iPhone
		{ECE824C3-635C-4C1E-8C7E-A65EADECE4E7}.Ad-Hoc|iPhone.Build.0 = Ad-Hoc|iPhone
		{ECE824C3-635C-4C1E-8C7E-A65EADECE4E7}.AppStore|iPhone.ActiveCfg = AppStore|iPhone
		{ECE824C3-635C-4C1E-8C7E-A65EADECE4E7}.AppStore|iPhone.Build.0 = AppStore|iPhone
		{B19C892E-2628-4CA7-AD27-08D406A3B14B}.Debug|Any CPU.ActiveCfg = Debug|Any CPU
		{B19C892E-2628-4CA7-AD27-08D406A3B14B}.Debug|Any CPU.Build.0 = Debug|Any CPU
		{B19C892E-2628-4CA7-AD27-08D406A3B14B}.Release|Any CPU.ActiveCfg = Release|Any CPU
		{B19C892E-2628-4CA7-AD27-08D406A3B14B}.Release|Any CPU.Build.0 = Release|Any CPU
		{B19C892E-2628-4CA7-AD27-08D406A3B14B}.Debug|iPhoneSimulator.ActiveCfg = Debug|Any CPU
		{B19C892E-2628-4CA7-AD27-08D406A3B14B}.Debug|iPhoneSimulator.Build.0 = Debug|Any CPU
		{B19C892E-2628-4CA7-AD27-08D406A3B14B}.Release|iPhoneSimulator.ActiveCfg = Release|Any CPU
		{B19C892E-2628-4CA7-AD27-08D406A3B14B}.Release|iPhoneSimulator.Build.0 = Release|Any CPU
		{B19C892E-2628-4CA7-AD27-08D406A3B14B}.Debug|iPhone.ActiveCfg = Debug|Any CPU
		{B19C892E-2628-4CA7-AD27-08D406A3B14B}.Debug|iPhone.Build.0 = Debug|Any CPU
		{B19C892E-2628-4CA7-AD27-08D406A3B14B}.Release|iPhone.ActiveCfg = Release|Any CPU
		{B19C892E-2628-4CA7-AD27-08D406A3B14B}.Release|iPhone.Build.0 = Release|Any CPU
		{B19C892E-2628-4CA7-AD27-08D406A3B14B}.Ad-Hoc|iPhone.ActiveCfg = Debug|Any CPU
		{B19C892E-2628-4CA7-AD27-08D406A3B14B}.Ad-Hoc|iPhone.Build.0 = Debug|Any CPU
		{B19C892E-2628-4CA7-AD27-08D406A3B14B}.AppStore|iPhone.ActiveCfg = Debug|Any CPU
		{B19C892E-2628-4CA7-AD27-08D406A3B14B}.AppStore|iPhone.Build.0 = Debug|Any CPU
		{5F417237-0E45-4792-8823-B270E957D3D8}.Debug|Any CPU.ActiveCfg = Debug|Any CPU
		{5F417237-0E45-4792-8823-B270E957D3D8}.Debug|Any CPU.Build.0 = Debug|Any CPU
		{5F417237-0E45-4792-8823-B270E957D3D8}.Release|Any CPU.ActiveCfg = Release|Any CPU
		{5F417237-0E45-4792-8823-B270E957D3D8}.Release|Any CPU.Build.0 = Release|Any CPU
		{5F417237-0E45-4792-8823-B270E957D3D8}.Debug|iPhoneSimulator.ActiveCfg = Debug|Any CPU
		{5F417237-0E45-4792-8823-B270E957D3D8}.Debug|iPhoneSimulator.Build.0 = Debug|Any CPU
		{5F417237-0E45-4792-8823-B270E957D3D8}.Release|iPhoneSimulator.ActiveCfg = Release|Any CPU
		{5F417237-0E45-4792-8823-B270E957D3D8}.Release|iPhoneSimulator.Build.0 = Release|Any CPU
		{5F417237-0E45-4792-8823-B270E957D3D8}.Debug|iPhone.ActiveCfg = Debug|Any CPU
		{5F417237-0E45-4792-8823-B270E957D3D8}.Debug|iPhone.Build.0 = Debug|Any CPU
		{5F417237-0E45-4792-8823-B270E957D3D8}.Release|iPhone.ActiveCfg = Release|Any CPU
		{5F417237-0E45-4792-8823-B270E957D3D8}.Release|iPhone.Build.0 = Release|Any CPU
		{5F417237-0E45-4792-8823-B270E957D3D8}.Ad-Hoc|iPhone.ActiveCfg = Debug|Any CPU
		{5F417237-0E45-4792-8823-B270E957D3D8}.Ad-Hoc|iPhone.Build.0 = Debug|Any CPU
		{5F417237-0E45-4792-8823-B270E957D3D8}.AppStore|iPhone.ActiveCfg = Debug|Any CPU
		{5F417237-0E45-4792-8823-B270E957D3D8}.AppStore|iPhone.Build.0 = Debug|Any CPU
	EndGlobalSection
EndGlobal
